
Microsoft Visual Studio Solution File, Format Version 12.00
# Visual Studio Version 17
VisualStudioVersion = 17.5.002.0
MinimumVisualStudioVersion = 10.0.40219.1
Project("{9A19103F-16F7-4668-BE54-9A1E7A4F7556}") = "MyInvestAPI", "MyInvestAPI.csproj", "{66FE28CC-8680-4DDA-A75C-8F535C008284}"
EndProject
Global
	GlobalSection(SolutionConfigurationPlatforms) = preSolution
		Debug|Any CPU = Debug|Any CPU
		Release|Any CPU = Release|Any CPU
	EndGlobalSection
	GlobalSection(ProjectConfigurationPlatforms) = postSolution
		{66FE28CC-8680-4DDA-A75C-8F535C008284}.Debug|Any CPU.ActiveCfg = Debug|Any CPU
		{66FE28CC-8680-4DDA-A75C-8F535C008284}.Debug|Any CPU.Build.0 = Debug|Any CPU
		{66FE28CC-8680-4DDA-A75C-8F535C008284}.Release|Any CPU.ActiveCfg = Release|Any CPU
		{66FE28CC-8680-4DDA-A75C-8F535C008284}.Release|Any CPU.Build.0 = Release|Any CPU
	EndGlobalSection
	GlobalSection(SolutionProperties) = preSolution
		HideSolutionNode = FALSE
	EndGlobalSection
	GlobalSection(ExtensibilityGlobals) = postSolution
		SolutionGuid = {D1498A26-EC7B-481E-9016-4B9F8E1CB570}
	EndGlobalSection
EndGlobal
